
Microsoft Visual Studio Solution File, Format Version 12.00
# Visual Studio Version 16
VisualStudioVersion = 16.0.30907.101
MinimumVisualStudioVersion = 10.0.40219.1
Project("{FAE04EC0-301F-11D3-BF4B-00C04F79EFBC}") = "RestApiCallX2", "RestApiCallX2.csproj", "{205E1EA8-135D-4BAD-BE60-A695F6CD012C}"
EndProject
Global
	GlobalSection(SolutionConfigurationPlatforms) = preSolution
		Debug|Any CPU = Debug|Any CPU
		Release|Any CPU = Release|Any CPU
	EndGlobalSection
	GlobalSection(ProjectConfigurationPlatforms) = postSolution
		{205E1EA8-135D-4BAD-BE60-A695F6CD012C}.Debug|Any CPU.ActiveCfg = Debug|Any CPU
		{205E1EA8-135D-4BAD-BE60-A695F6CD012C}.Debug|Any CPU.Build.0 = Debug|Any CPU
		{205E1EA8-135D-4BAD-BE60-A695F6CD012C}.Release|Any CPU.ActiveCfg = Release|Any CPU
		{205E1EA8-135D-4BAD-BE60-A695F6CD012C}.Release|Any CPU.Build.0 = Release|Any CPU
	EndGlobalSection
	GlobalSection(SolutionProperties) = preSolution
		HideSolutionNode = FALSE
	EndGlobalSection
	GlobalSection(ExtensibilityGlobals) = postSolution
		SolutionGuid = {84111B98-8404-470F-818A-094A22511DCE}
	EndGlobalSection
EndGlobal
